// !$*UTF8*$!
{
	archiveVersion = 1;
	classes = {
	};
	objectVersion = 50;
	objects = {

/* Begin PBXBuildFile section */
		3B67544726C0112B00CE01C1 /* ProgramsTableViewController.swift in Sources */ = {isa = PBXBuildFile; fileRef = 3B67544626C0112B00CE01C1 /* ProgramsTableViewController.swift */; };
		3B67544926C0120000CE01C1 /* ProgramsTableViewCell.swift in Sources */ = {isa = PBXBuildFile; fileRef = 3B67544826C0120000CE01C1 /* ProgramsTableViewCell.swift */; };
		3B67544B26C014F000CE01C1 /* MainModelArray.swift in Sources */ = {isa = PBXBuildFile; fileRef = 3B67544A26C014F000CE01C1 /* MainModelArray.swift */; };
		3B913DC126B9ABFE009CE1DB /* AppDelegate.swift in Sources */ = {isa = PBXBuildFile; fileRef = 3B913DC026B9ABFE009CE1DB /* AppDelegate.swift */; };
		3B913DC326B9ABFE009CE1DB /* SceneDelegate.swift in Sources */ = {isa = PBXBuildFile; fileRef = 3B913DC226B9ABFE009CE1DB /* SceneDelegate.swift */; };
		3B913DC826B9ABFE009CE1DB /* Main.storyboard in Resources */ = {isa = PBXBuildFile; fileRef = 3B913DC626B9ABFE009CE1DB /* Main.storyboard */; };
		3B913DCA26B9ABFF009CE1DB /* Assets.xcassets in Resources */ = {isa = PBXBuildFile; fileRef = 3B913DC926B9ABFF009CE1DB /* Assets.xcassets */; };
		3B913DCD26B9ABFF009CE1DB /* LaunchScreen.storyboard in Resources */ = {isa = PBXBuildFile; fileRef = 3B913DCB26B9ABFF009CE1DB /* LaunchScreen.storyboard */; };
		3BBCC2D026C04B0B0049C359 /* WarmapViewController.swift in Sources */ = {isa = PBXBuildFile; fileRef = 3BBCC2CF26C04B0B0049C359 /* WarmapViewController.swift */; };
		3BBEBA2026C15FB000C8856E /* WarmupTableView.swift in Sources */ = {isa = PBXBuildFile; fileRef = 3BBEBA1F26C15FB000C8856E /* WarmupTableView.swift */; };
/* End PBXBuildFile section */

/* Begin PBXFileReference section */
		3B67544626C0112B00CE01C1 /* ProgramsTableViewController.swift */ = {isa = PBXFileReference; lastKnownFileType = sourcecode.swift; path = ProgramsTableViewController.swift; sourceTree = "<group>"; };
		3B67544826C0120000CE01C1 /* ProgramsTableViewCell.swift */ = {isa = PBXFileReference; lastKnownFileType = sourcecode.swift; path = ProgramsTableViewCell.swift; sourceTree = "<group>"; };
		3B67544A26C014F000CE01C1 /* MainModelArray.swift */ = {isa = PBXFileReference; lastKnownFileType = sourcecode.swift; path = MainModelArray.swift; sourceTree = "<group>"; };
		3B913DBD26B9ABFE009CE1DB /* Steel weight.app */ = {isa = PBXFileReference; explicitFileType = wrapper.application; includeInIndex = 0; path = "Steel weight.app"; sourceTree = BUILT_PRODUCTS_DIR; };
		3B913DC026B9ABFE009CE1DB /* AppDelegate.swift */ = {isa = PBXFileReference; lastKnownFileType = sourcecode.swift; path = AppDelegate.swift; sourceTree = "<group>"; };
		3B913DC226B9ABFE009CE1DB /* SceneDelegate.swift */ = {isa = PBXFileReference; lastKnownFileType = sourcecode.swift; path = SceneDelegate.swift; sourceTree = "<group>"; };
		3B913DC726B9ABFE009CE1DB /* Base */ = {isa = PBXFileReference; lastKnownFileType = file.storyboard; name = Base; path = Base.lproj/Main.storyboard; sourceTree = "<group>"; };
		3B913DC926B9ABFF009CE1DB /* Assets.xcassets */ = {isa = PBXFileReference; lastKnownFileType = folder.assetcatalog; path = Assets.xcassets; sourceTree = "<group>"; };
		3B913DCC26B9ABFF009CE1DB /* Base */ = {isa = PBXFileReference; lastKnownFileType = file.storyboard; name = Base; path = Base.lproj/LaunchScreen.storyboard; sourceTree = "<group>"; };
		3B913DCE26B9ABFF009CE1DB /* Info.plist */ = {isa = PBXFileReference; lastKnownFileType = text.plist.xml; path = Info.plist; sourceTree = "<group>"; };
		3BBCC2CF26C04B0B0049C359 /* WarmapViewController.swift */ = {isa = PBXFileReference; lastKnownFileType = sourcecode.swift; path = WarmapViewController.swift; sourceTree = "<group>"; };
		3BBEBA1F26C15FB000C8856E /* WarmupTableView.swift */ = {isa = PBXFileReference; lastKnownFileType = sourcecode.swift; path = WarmupTableView.swift; sourceTree = "<group>"; };
/* End PBXFileReference section */

/* Begin PBXFrameworksBuildPhase section */
		3B913DBA26B9ABFD009CE1DB /* Frameworks */ = {
			isa = PBXFrameworksBuildPhase;
			buildActionMask = 2147483647;
			files = (
			);
			runOnlyForDeploymentPostprocessing = 0;
		};
/* End PBXFrameworksBuildPhase section */

/* Begin PBXGroup section */
		3B913DB426B9ABFD009CE1DB = {
			isa = PBXGroup;
			children = (
				3B913DBF26B9ABFE009CE1DB /* Steel weight */,
				3B913DBE26B9ABFE009CE1DB /* Products */,
			);
			sourceTree = "<group>";
		};
		3B913DBE26B9ABFE009CE1DB /* Products */ = {
			isa = PBXGroup;
			children = (
				3B913DBD26B9ABFE009CE1DB /* Steel weight.app */,
			);
			name = Products;
			sourceTree = "<group>";
		};
		3B913DBF26B9ABFE009CE1DB /* Steel weight */ = {
			isa = PBXGroup;
			children = (
				3B913DD626B9C082009CE1DB /* Delegate */,
				3BBCC2D126C0525B0049C359 /* Programs */,
				3BBEBA1E26C10FA500C8856E /* Warmup */,
				3B913DC626B9ABFE009CE1DB /* Main.storyboard */,
				3BBEBA1F26C15FB000C8856E /* WarmupTableView.swift */,
				3B67544A26C014F000CE01C1 /* MainModelArray.swift */,
				3B913DC926B9ABFF009CE1DB /* Assets.xcassets */,
				3B913DCB26B9ABFF009CE1DB /* LaunchScreen.storyboard */,
				3B913DCE26B9ABFF009CE1DB /* Info.plist */,
			);
			path = "Steel weight";
			sourceTree = "<group>";
		};
		3B913DD626B9C082009CE1DB /* Delegate */ = {
			isa = PBXGroup;
			children = (
				3B913DC026B9ABFE009CE1DB /* AppDelegate.swift */,
				3B913DC226B9ABFE009CE1DB /* SceneDelegate.swift */,
			);
			path = Delegate;
			sourceTree = "<group>";
		};
		3BBCC2D126C0525B0049C359 /* Programs */ = {
			isa = PBXGroup;
			children = (
				3B67544626C0112B00CE01C1 /* ProgramsTableViewController.swift */,
				3B67544826C0120000CE01C1 /* ProgramsTableViewCell.swift */,
			);
			path = Programs;
			sourceTree = "<group>";
		};
		3BBEBA1E26C10FA500C8856E /* Warmup */ = {
			isa = PBXGroup;
			children = (
				3BBCC2CF26C04B0B0049C359 /* WarmapViewController.swift */,
			);
			path = Warmup;
			sourceTree = "<group>";
		};
/* End PBXGroup section */

/* Begin PBXNativeTarget section */
		3B913DBC26B9ABFD009CE1DB /* Steel weight */ = {
			isa = PBXNativeTarget;
			buildConfigurationList = 3B913DD126B9ABFF009CE1DB /* Build configuration list for PBXNativeTarget "Steel weight" */;
			buildPhases = (
				3B913DB926B9ABFD009CE1DB /* Sources */,
				3B913DBA26B9ABFD009CE1DB /* Frameworks */,
				3B913DBB26B9ABFD009CE1DB /* Resources */,
			);
			buildRules = (
			);
			dependencies = (
			);
			name = "Steel weight";
			productName = "Steel weight";
			productReference = 3B913DBD26B9ABFE009CE1DB /* Steel weight.app */;
			productType = "com.apple.product-type.application";
		};
/* End PBXNativeTarget section */

/* Begin PBXProject section */
		3B913DB526B9ABFD009CE1DB /* Project object */ = {
			isa = PBXProject;
			attributes = {
				LastSwiftUpdateCheck = 1250;
				LastUpgradeCheck = 1250;
				TargetAttributes = {
					3B913DBC26B9ABFD009CE1DB = {
						CreatedOnToolsVersion = 12.5.1;
					};
				};
			};
			buildConfigurationList = 3B913DB826B9ABFD009CE1DB /* Build configuration list for PBXProject "Steel weight" */;
			compatibilityVersion = "Xcode 9.3";
			developmentRegion = en;
			hasScannedForEncodings = 0;
			knownRegions = (
				en,
				Base,
			);
			mainGroup = 3B913DB426B9ABFD009CE1DB;
			productRefGroup = 3B913DBE26B9ABFE009CE1DB /* Products */;
			projectDirPath = "";
			projectRoot = "";
			targets = (
				3B913DBC26B9ABFD009CE1DB /* Steel weight */,
			);
		};
/* End PBXProject section */

/* Begin PBXResourcesBuildPhase section */
		3B913DBB26B9ABFD009CE1DB /* Resources */ = {
			isa = PBXResourcesBuildPhase;
			buildActionMask = 2147483647;
			files = (
				3B913DCD26B9ABFF009CE1DB /* LaunchScreen.storyboard in Resources */,
				3B913DCA26B9ABFF009CE1DB /* Assets.xcassets in Resources */,
				3B913DC826B9ABFE009CE1DB /* Main.storyboard in Resources */,
			);
			runOnlyForDeploymentPostprocessing = 0;
		};
/* End PBXResourcesBuildPhase section */

/* Begin PBXSourcesBuildPhase section */
		3B913DB926B9ABFD009CE1DB /* Sources */ = {
			isa = PBXSourcesBuildPhase;
			buildActionMask = 2147483647;
			files = (
				3B67544926C0120000CE01C1 /* ProgramsTableViewCell.swift in Sources */,
				3BBEBA2026C15FB000C8856E /* WarmupTableView.swift in Sources */,
				3B913DC126B9ABFE009CE1DB /* AppDelegate.swift in Sources */,
				3BBCC2D026C04B0B0049C359 /* WarmapViewController.swift in Sources */,
				3B913DC326B9ABFE009CE1DB /* SceneDelegate.swift in Sources */,
				3B67544B26C014F000CE01C1 /* MainModelArray.swift in Sources */,
				3B67544726C0112B00CE01C1 /* ProgramsTableViewController.swift in Sources */,
			);
			runOnlyForDeploymentPostprocessing = 0;
		};
/* End PBXSourcesBuildPhase section */

/* Begin PBXVariantGroup section */
		3B913DC626B9ABFE009CE1DB /* Main.storyboard */ = {
			isa = PBXVariantGroup;
			children = (
				3B913DC726B9ABFE009CE1DB /* Base */,
			);
			name = Main.storyboard;
			sourceTree = "<group>";
		};
		3B913DCB26B9ABFF009CE1DB /* LaunchScreen.storyboard */ = {
			isa = PBXVariantGroup;
			children = (
				3B913DCC26B9ABFF009CE1DB /* Base */,
			);
			name = LaunchScreen.storyboard;
			sourceTree = "<group>";
		};
/* End PBXVariantGroup section */

/* Begin XCBuildConfiguration section */
		3B913DCF26B9ABFF009CE1DB /* Debug */ = {
			isa = XCBuildConfiguration;
			buildSettings = {
				ALWAYS_SEARCH_USER_PATHS = NO;
				CLANG_ANALYZER_NONNULL = YES;
				CLANG_ANALYZER_NUMBER_OBJECT_CONVERSION = YES_AGGRESSIVE;
				CLANG_CXX_LANGUAGE_STANDARD = "gnu++14";
				CLANG_CXX_LIBRARY = "libc++";
				CLANG_ENABLE_MODULES = YES;
				CLANG_ENABLE_OBJC_ARC = YES;
				CLANG_ENABLE_OBJC_WEAK = YES;
				CLANG_WARN_BLOCK_CAPTURE_AUTORELEASING = YES;
				CLANG_WARN_BOOL_CONVERSION = YES;
				CLANG_WARN_COMMA = YES;
				CLANG_WARN_CONSTANT_CONVERSION = YES;
				CLANG_WARN_DEPRECATED_OBJC_IMPLEMENTATIONS = YES;
				CLANG_WARN_DIRECT_OBJC_ISA_USAGE = YES_ERROR;
				CLANG_WARN_DOCUMENTATION_COMMENTS = YES;
				CLANG_WARN_EMPTY_BODY = YES;
				CLANG_WARN_ENUM_CONVERSION = YES;
				CLANG_WARN_INFINITE_RECURSION = YES;
				CLANG_WARN_INT_CONVERSION = YES;
				CLANG_WARN_NON_LITERAL_NULL_CONVERSION = YES;
				CLANG_WARN_OBJC_IMPLICIT_RETAIN_SELF = YES;
				CLANG_WARN_OBJC_LITERAL_CONVERSION = YES;
				CLANG_WARN_OBJC_ROOT_CLASS = YES_ERROR;
				CLANG_WARN_QUOTED_INCLUDE_IN_FRAMEWORK_HEADER = YES;
				CLANG_WARN_RANGE_LOOP_ANALYSIS = YES;
				CLANG_WARN_STRICT_PROTOTYPES = YES;
				CLANG_WARN_SUSPICIOUS_MOVE = YES;
				CLANG_WARN_UNGUARDED_AVAILABILITY = YES_AGGRESSIVE;
				CLANG_WARN_UNREACHABLE_CODE = YES;
				CLANG_WARN__DUPLICATE_METHOD_MATCH = YES;
				COPY_PHASE_STRIP = NO;
				DEBUG_INFORMATION_FORMAT = dwarf;
				ENABLE_STRICT_OBJC_MSGSEND = YES;
				ENABLE_TESTABILITY = YES;
				GCC_C_LANGUAGE_STANDARD = gnu11;
				GCC_DYNAMIC_NO_PIC = NO;
				GCC_NO_COMMON_BLOCKS = YES;
				GCC_OPTIMIZATION_LEVEL = 0;
				GCC_PREPROCESSOR_DEFINITIONS = (
					"DEBUG=1",
					"$(inherited)",
				);
				GCC_WARN_64_TO_32_BIT_CONVERSION = YES;
				GCC_WARN_ABOUT_RETURN_TYPE = YES_ERROR;
				GCC_WARN_UNDECLARED_SELECTOR = YES;
				GCC_WARN_UNINITIALIZED_AUTOS = YES_AGGRESSIVE;
				GCC_WARN_UNUSED_FUNCTION = YES;
				GCC_WARN_UNUSED_VARIABLE = YES;
				IPHONEOS_DEPLOYMENT_TARGET = 14.5;
				MTL_ENABLE_DEBUG_INFO = INCLUDE_SOURCE;
				MTL_FAST_MATH = YES;
				ONLY_ACTIVE_ARCH = YES;
				SDKROOT = iphoneos;
				SWIFT_ACTIVE_COMPILATION_CONDITIONS = DEBUG;
				SWIFT_OPTIMIZATION_LEVEL = "-Onone";
			};
			name = Debug;
		};
		3B913DD026B9ABFF009CE1DB /* Release */ = {
			isa = XCBuildConfiguration;
			buildSettings = {
				ALWAYS_SEARCH_USER_PATHS = NO;
				CLANG_ANALYZER_NONNULL = YES;
				CLANG_ANALYZER_NUMBER_OBJECT_CONVERSION = YES_AGGRESSIVE;
				CLANG_CXX_LANGUAGE_STANDARD = "gnu++14";
				CLANG_CXX_LIBRARY = "libc++";
				CLANG_ENABLE_MODULES = YES;
				CLANG_ENABLE_OBJC_ARC = YES;
				CLANG_ENABLE_OBJC_WEAK = YES;
				CLANG_WARN_BLOCK_CAPTURE_AUTORELEASING = YES;
				CLANG_WARN_BOOL_CONVERSION = YES;
				CLANG_WARN_COMMA = YES;
				CLANG_WARN_CONSTANT_CONVERSION = YES;
				CLANG_WARN_DEPRECATED_OBJC_IMPLEMENTATIONS = YES;
				CLANG_WARN_DIRECT_OBJC_ISA_USAGE = YES_ERROR;
				CLANG_WARN_DOCUMENTATION_COMMENTS = YES;
				CLANG_WARN_EMPTY_BODY = YES;
				CLANG_WARN_ENUM_CONVERSION = YES;
				CLANG_WARN_INFINITE_RECURSION = YES;
				CLANG_WARN_INT_CONVERSION = YES;
				CLANG_WARN_NON_LITERAL_NULL_CONVERSION = YES;
				CLANG_WARN_OBJC_IMPLICIT_RETAIN_SELF = YES;
				CLANG_WARN_OBJC_LITERAL_CONVERSION = YES;
				CLANG_WARN_OBJC_ROOT_CLASS = YES_ERROR;
				CLANG_WARN_QUOTED_INCLUDE_IN_FRAMEWORK_HEADER = YES;
				CLANG_WARN_RANGE_LOOP_ANALYSIS = YES;
				CLANG_WARN_STRICT_PROTOTYPES = YES;
				CLANG_WARN_SUSPICIOUS_MOVE = YES;
				CLANG_WARN_UNGUARDED_AVAILABILITY = YES_AGGRESSIVE;
				CLANG_WARN_UNREACHABLE_CODE = YES;
				CLANG_WARN__DUPLICATE_METHOD_MATCH = YES;
				COPY_PHASE_STRIP = NO;
				DEBUG_INFORMATION_FORMAT = "dwarf-with-dsym";
				ENABLE_NS_ASSERTIONS = NO;
				ENABLE_STRICT_OBJC_MSGSEND = YES;
				GCC_C_LANGUAGE_STANDARD = gnu11;
				GCC_NO_COMMON_BLOCKS = YES;
				GCC_WARN_64_TO_32_BIT_CONVERSION = YES;
				GCC_WARN_ABOUT_RETURN_TYPE = YES_ERROR;
				GCC_WARN_UNDECLARED_SELECTOR = YES;
				GCC_WARN_UNINITIALIZED_AUTOS = YES_AGGRESSIVE;
				GCC_WARN_UNUSED_FUNCTION = YES;
				GCC_WARN_UNUSED_VARIABLE = YES;
				IPHONEOS_DEPLOYMENT_TARGET = 14.5;
				MTL_ENABLE_DEBUG_INFO = NO;
				MTL_FAST_MATH = YES;
				SDKROOT = iphoneos;
				SWIFT_COMPILATION_MODE = wholemodule;
				SWIFT_OPTIMIZATION_LEVEL = "-O";
				VALIDATE_PRODUCT = YES;
			};
			name = Release;
		};
		3B913DD226B9ABFF009CE1DB /* Debug */ = {
			isa = XCBuildConfiguration;
			buildSettings = {
				ASSETCATALOG_COMPILER_APPICON_NAME = AppIcon;
				ASSETCATALOG_COMPILER_GLOBAL_ACCENT_COLOR_NAME = AccentColor;
				CODE_SIGN_STYLE = Automatic;
				DEVELOPMENT_TEAM = Z2TC3L6A9U;
				INFOPLIST_FILE = "Steel weight/Info.plist";
				LD_RUNPATH_SEARCH_PATHS = (
					"$(inherited)",
					"@executable_path/Frameworks",
				);
				PRODUCT_BUNDLE_IDENTIFIER = "Danya-Belskiy.Steel-weight";
				PRODUCT_NAME = "$(TARGET_NAME)";
				SWIFT_VERSION = 5.0;
				TARGETED_DEVICE_FAMILY = "1,2";
			};
			name = Debug;
		};
		3B913DD326B9ABFF009CE1DB /* Release */ = {
			isa = XCBuildConfiguration;
			buildSettings = {
				ASSETCATALOG_COMPILER_APPICON_NAME = AppIcon;
				ASSETCATALOG_COMPILER_GLOBAL_ACCENT_COLOR_NAME = AccentColor;
				CODE_SIGN_STYLE = Automatic;
				DEVELOPMENT_TEAM = Z2TC3L6A9U;
				INFOPLIST_FILE = "Steel weight/Info.plist";
				LD_RUNPATH_SEARCH_PATHS = (
					"$(inherited)",
					"@executable_path/Frameworks",
				);
				PRODUCT_BUNDLE_IDENTIFIER = "Danya-Belskiy.Steel-weight";
				PRODUCT_NAME = "$(TARGET_NAME)";
				SWIFT_VERSION = 5.0;
				TARGETED_DEVICE_FAMILY = "1,2";
			};
			name = Release;
		};
/* End XCBuildConfiguration section */

/* Begin XCConfigurationList section */
		3B913DB826B9ABFD009CE1DB /* Build configuration list for PBXProject "Steel weight" */ = {
			isa = XCConfigurationList;
			buildConfigurations = (
				3B913DCF26B9ABFF009CE1DB /* Debug */,
				3B913DD026B9ABFF009CE1DB /* Release */,
			);
			defaultConfigurationIsVisible = 0;
			defaultConfigurationName = Release;
		};
		3B913DD126B9ABFF009CE1DB /* Build configuration list for PBXNativeTarget "Steel weight" */ = {
			isa = XCConfigurationList;
			buildConfigurations = (
				3B913DD226B9ABFF009CE1DB /* Debug */,
				3B913DD326B9ABFF009CE1DB /* Release */,
			);
			defaultConfigurationIsVisible = 0;
			defaultConfigurationName = Release;
		};
/* End XCConfigurationList section */
	};
	rootObject = 3B913DB526B9ABFD009CE1DB /* Project object */;
}
